// !$*UTF8*$!
{
	archiveVersion = 1;
	classes = {
	};
	objectVersion = 55;
	objects = {

/* Begin PBXBuildFile section */
		60BB4FCB279B1F8A00334034 /* AppDelegate.swift in Sources */ = {isa = PBXBuildFile; fileRef = 60BB4FCA279B1F8A00334034 /* AppDelegate.swift */; };
		60BB4FCD279B1F8A00334034 /* SceneDelegate.swift in Sources */ = {isa = PBXBuildFile; fileRef = 60BB4FCC279B1F8A00334034 /* SceneDelegate.swift */; };
		60BB4FCF279B1F8A00334034 /* ViewController.swift in Sources */ = {isa = PBXBuildFile; fileRef = 60BB4FCE279B1F8A00334034 /* ViewController.swift */; };
		60BB4FD2279B1F8A00334034 /* Main.storyboard in Resources */ = {isa = PBXBuildFile; fileRef = 60BB4FD0279B1F8A00334034 /* Main.storyboard */; };
		60BB4FD4279B1F8B00334034 /* Assets.xcassets in Resources */ = {isa = PBXBuildFile; fileRef = 60BB4FD3279B1F8B00334034 /* Assets.xcassets */; };
		60BB4FD7279B1F8B00334034 /* LaunchScreen.storyboard in Resources */ = {isa = PBXBuildFile; fileRef = 60BB4FD5279B1F8B00334034 /* LaunchScreen.storyboard */; };
		60BB4FDF279B201300334034 /* APICrypto.swift in Sources */ = {isa = PBXBuildFile; fileRef = 60BB4FDE279B201300334034 /* APICrypto.swift */; };
		60BB4FE1279C60E400334034 /* TableViewCell.swift in Sources */ = {isa = PBXBuildFile; fileRef = 60BB4FE0279C60E400334034 /* TableViewCell.swift */; };
		60BB4FE3279C74D200334034 /* Models.swift in Sources */ = {isa = PBXBuildFile; fileRef = 60BB4FE2279C74D200334034 /* Models.swift */; };
		60BB4FE527B0444A00334034 /* FavoritesViewController.swift in Sources */ = {isa = PBXBuildFile; fileRef = 60BB4FE427B0444A00334034 /* FavoritesViewController.swift */; };
		EDFCAEDBDF91D6938000D7C6 /* Pods_CurrencyApp.framework in Frameworks */ = {isa = PBXBuildFile; fileRef = 9A927A0D9A59685D90FF8ED5 /* Pods_CurrencyApp.framework */; };
/* End PBXBuildFile section */

/* Begin PBXFileReference section */
		1AAB5F7C5A16016A1A28AB68 /* Pods-CurrencyApp.release.xcconfig */ = {isa = PBXFileReference; includeInIndex = 1; lastKnownFileType = text.xcconfig; name = "Pods-CurrencyApp.release.xcconfig"; path = "Target Support Files/Pods-CurrencyApp/Pods-CurrencyApp.release.xcconfig"; sourceTree = "<group>"; };
		60BB4FC7279B1F8A00334034 /* CurrencyApp.app */ = {isa = PBXFileReference; explicitFileType = wrapper.application; includeInIndex = 0; path = CurrencyApp.app; sourceTree = BUILT_PRODUCTS_DIR; };
		60BB4FCA279B1F8A00334034 /* AppDelegate.swift */ = {isa = PBXFileReference; lastKnownFileType = sourcecode.swift; path = AppDelegate.swift; sourceTree = "<group>"; };
		60BB4FCC279B1F8A00334034 /* SceneDelegate.swift */ = {isa = PBXFileReference; lastKnownFileType = sourcecode.swift; path = SceneDelegate.swift; sourceTree = "<group>"; };
		60BB4FCE279B1F8A00334034 /* ViewController.swift */ = {isa = PBXFileReference; lastKnownFileType = sourcecode.swift; path = ViewController.swift; sourceTree = "<group>"; };
		60BB4FD1279B1F8A00334034 /* Base */ = {isa = PBXFileReference; lastKnownFileType = file.storyboard; name = Base; path = Base.lproj/Main.storyboard; sourceTree = "<group>"; };
		60BB4FD3279B1F8B00334034 /* Assets.xcassets */ = {isa = PBXFileReference; lastKnownFileType = folder.assetcatalog; path = Assets.xcassets; sourceTree = "<group>"; };
		60BB4FD6279B1F8B00334034 /* Base */ = {isa = PBXFileReference; lastKnownFileType = file.storyboard; name = Base; path = Base.lproj/LaunchScreen.storyboard; sourceTree = "<group>"; };
		60BB4FD8279B1F8B00334034 /* Info.plist */ = {isa = PBXFileReference; lastKnownFileType = text.plist.xml; path = Info.plist; sourceTree = "<group>"; };
		60BB4FDE279B201300334034 /* APICrypto.swift */ = {isa = PBXFileReference; lastKnownFileType = sourcecode.swift; path = APICrypto.swift; sourceTree = "<group>"; };
		60BB4FE0279C60E400334034 /* TableViewCell.swift */ = {isa = PBXFileReference; lastKnownFileType = sourcecode.swift; path = TableViewCell.swift; sourceTree = "<group>"; };
		60BB4FE2279C74D200334034 /* Models.swift */ = {isa = PBXFileReference; lastKnownFileType = sourcecode.swift; path = Models.swift; sourceTree = "<group>"; };
		60BB4FE427B0444A00334034 /* FavoritesViewController.swift */ = {isa = PBXFileReference; lastKnownFileType = sourcecode.swift; path = FavoritesViewController.swift; sourceTree = "<group>"; };
		9A927A0D9A59685D90FF8ED5 /* Pods_CurrencyApp.framework */ = {isa = PBXFileReference; explicitFileType = wrapper.framework; includeInIndex = 0; path = Pods_CurrencyApp.framework; sourceTree = BUILT_PRODUCTS_DIR; };
		A7A280A1CCF5253105967C7D /* Pods-CurrencyApp.debug.xcconfig */ = {isa = PBXFileReference; includeInIndex = 1; lastKnownFileType = text.xcconfig; name = "Pods-CurrencyApp.debug.xcconfig"; path = "Target Support Files/Pods-CurrencyApp/Pods-CurrencyApp.debug.xcconfig"; sourceTree = "<group>"; };
/* End PBXFileReference section */

/* Begin PBXFrameworksBuildPhase section */
		60BB4FC4279B1F8A00334034 /* Frameworks */ = {
			isa = PBXFrameworksBuildPhase;
			buildActionMask = 2147483647;
			files = (
				EDFCAEDBDF91D6938000D7C6 /* Pods_CurrencyApp.framework in Frameworks */,
			);
			runOnlyForDeploymentPostprocessing = 0;
		};
/* End PBXFrameworksBuildPhase section */

/* Begin PBXGroup section */
		57FF3171119EF80480E70ED3 /* Frameworks */ = {
			isa = PBXGroup;
			children = (
				9A927A0D9A59685D90FF8ED5 /* Pods_CurrencyApp.framework */,
			);
			name = Frameworks;
			sourceTree = "<group>";
		};
		60BB4FBE279B1F8A00334034 = {
			isa = PBXGroup;
			children = (
				60BB4FC9279B1F8A00334034 /* CurrencyApp */,
				60BB4FC8279B1F8A00334034 /* Products */,
				8920D7405C280684A84ADAFA /* Pods */,
				57FF3171119EF80480E70ED3 /* Frameworks */,
			);
			sourceTree = "<group>";
		};
		60BB4FC8279B1F8A00334034 /* Products */ = {
			isa = PBXGroup;
			children = (
				60BB4FC7279B1F8A00334034 /* CurrencyApp.app */,
			);
			name = Products;
			sourceTree = "<group>";
		};
		60BB4FC9279B1F8A00334034 /* CurrencyApp */ = {
			isa = PBXGroup;
			children = (
				60BB4FE627BD0E8B00334034 /* App */,
				60BB4FE727BD0F2200334034 /* Infrastructure */,
				60BB4FE927BD103F00334034 /* Presentation */,
				60BB4FD3279B1F8B00334034 /* Assets.xcassets */,
				60BB4FD5279B1F8B00334034 /* LaunchScreen.storyboard */,
				60BB4FD8279B1F8B00334034 /* Info.plist */,
			);
			path = CurrencyApp;
			sourceTree = "<group>";
		};
		60BB4FE627BD0E8B00334034 /* App */ = {
			isa = PBXGroup;
			children = (
				60BB4FCA279B1F8A00334034 /* AppDelegate.swift */,
				60BB4FCC279B1F8A00334034 /* SceneDelegate.swift */,
			);
			path = App;
			sourceTree = "<group>";
		};
		60BB4FE727BD0F2200334034 /* Infrastructure */ = {
			isa = PBXGroup;
			children = (
				60BB4FE827BD0F5400334034 /* Domains */,
			);
			path = Infrastructure;
			sourceTree = "<group>";
		};
		60BB4FE827BD0F5400334034 /* Domains */ = {
			isa = PBXGroup;
			children = (
				60BB4FDE279B201300334034 /* APICrypto.swift */,
				60BB4FE2279C74D200334034 /* Models.swift */,
			);
			path = Domains;
			sourceTree = "<group>";
		};
		60BB4FE927BD103F00334034 /* Presentation */ = {
			isa = PBXGroup;
			children = (
				60BB4FEB27BD112800334034 /* TableCell */,
				60BB4FEA27BD10BD00334034 /* ViewControllers &  */,
			);
			path = Presentation;
			sourceTree = "<group>";
		};
		60BB4FEA27BD10BD00334034 /* ViewControllers &  */ = {
			isa = PBXGroup;
			children = (
				60BB4FD0279B1F8A00334034 /* Main.storyboard */,
				60BB4FCE279B1F8A00334034 /* ViewController.swift */,
				60BB4FE427B0444A00334034 /* FavoritesViewController.swift */,
			);
			path = "ViewControllers & ";
			sourceTree = "<group>";
		};
		60BB4FEB27BD112800334034 /* TableCell */ = {
			isa = PBXGroup;
			children = (
				60BB4FE0279C60E400334034 /* TableViewCell.swift */,
			);
			path = TableCell;
			sourceTree = "<group>";
		};
		8920D7405C280684A84ADAFA /* Pods */ = {
			isa = PBXGroup;
			children = (
				A7A280A1CCF5253105967C7D /* Pods-CurrencyApp.debug.xcconfig */,
				1AAB5F7C5A16016A1A28AB68 /* Pods-CurrencyApp.release.xcconfig */,
			);
			path = Pods;
			sourceTree = "<group>";
		};
/* End PBXGroup section */

/* Begin PBXNativeTarget section */
		60BB4FC6279B1F8A00334034 /* CurrencyApp */ = {
			isa = PBXNativeTarget;
			buildConfigurationList = 60BB4FDB279B1F8B00334034 /* Build configuration list for PBXNativeTarget "CurrencyApp" */;
			buildPhases = (
				DB275647C2E3880EC61B36F5 /* [CP] Check Pods Manifest.lock */,
				60BB4FC3279B1F8A00334034 /* Sources */,
				60BB4FC4279B1F8A00334034 /* Frameworks */,
				60BB4FC5279B1F8A00334034 /* Resources */,
				1C074C297E2CB587C6992A01 /* [CP] Embed Pods Frameworks */,
			);
			buildRules = (
			);
			dependencies = (
			);
			name = CurrencyApp;
			productName = CurrencyApp;
			productReference = 60BB4FC7279B1F8A00334034 /* CurrencyApp.app */;
			productType = "com.apple.product-type.application";
		};
/* End PBXNativeTarget section */

/* Begin PBXProject section */
		60BB4FBF279B1F8A00334034 /* Project object */ = {
			isa = PBXProject;
			attributes = {
				BuildIndependentTargetsInParallel = 1;
				LastSwiftUpdateCheck = 1310;
				LastUpgradeCheck = 1310;
				TargetAttributes = {
					60BB4FC6279B1F8A00334034 = {
						CreatedOnToolsVersion = 13.1;
					};
				};
			};
			buildConfigurationList = 60BB4FC2279B1F8A00334034 /* Build configuration list for PBXProject "CurrencyApp" */;
			compatibilityVersion = "Xcode 13.0";
			developmentRegion = en;
			hasScannedForEncodings = 0;
			knownRegions = (
				en,
				Base,
			);
			mainGroup = 60BB4FBE279B1F8A00334034;
			productRefGroup = 60BB4FC8279B1F8A00334034 /* Products */;
			projectDirPath = "";
			projectRoot = "";
			targets = (
				60BB4FC6279B1F8A00334034 /* CurrencyApp */,
			);
		};
/* End PBXProject section */

/* Begin PBXResourcesBuildPhase section */
		60BB4FC5279B1F8A00334034 /* Resources */ = {
			isa = PBXResourcesBuildPhase;
			buildActionMask = 2147483647;
			files = (
				60BB4FD7279B1F8B00334034 /* LaunchScreen.storyboard in Resources */,
				60BB4FD4279B1F8B00334034 /* Assets.xcassets in Resources */,
				60BB4FD2279B1F8A00334034 /* Main.storyboard in Resources */,
			);
			runOnlyForDeploymentPostprocessing = 0;
		};
/* End PBXResourcesBuildPhase section */

/* Begin PBXShellScriptBuildPhase section */
		1C074C297E2CB587C6992A01 /* [CP] Embed Pods Frameworks */ = {
			isa = PBXShellScriptBuildPhase;
			buildActionMask = 2147483647;
			files = (
			);
			inputFileListPaths = (
				"${PODS_ROOT}/Target Support Files/Pods-CurrencyApp/Pods-CurrencyApp-frameworks-${CONFIGURATION}-input-files.xcfilelist",
			);
			name = "[CP] Embed Pods Frameworks";
			outputFileListPaths = (
				"${PODS_ROOT}/Target Support Files/Pods-CurrencyApp/Pods-CurrencyApp-frameworks-${CONFIGURATION}-output-files.xcfilelist",
			);
			runOnlyForDeploymentPostprocessing = 0;
			shellPath = /bin/sh;
			shellScript = "\"${PODS_ROOT}/Target Support Files/Pods-CurrencyApp/Pods-CurrencyApp-frameworks.sh\"\n";
			showEnvVarsInLog = 0;
		};
		DB275647C2E3880EC61B36F5 /* [CP] Check Pods Manifest.lock */ = {
			isa = PBXShellScriptBuildPhase;
			buildActionMask = 2147483647;
			files = (
			);
			inputFileListPaths = (
			);
			inputPaths = (
				"${PODS_PODFILE_DIR_PATH}/Podfile.lock",
				"${PODS_ROOT}/Manifest.lock",
			);
			name = "[CP] Check Pods Manifest.lock";
			outputFileListPaths = (
			);
			outputPaths = (
				"$(DERIVED_FILE_DIR)/Pods-CurrencyApp-checkManifestLockResult.txt",
			);
			runOnlyForDeploymentPostprocessing = 0;
			shellPath = /bin/sh;
			shellScript = "diff \"${PODS_PODFILE_DIR_PATH}/Podfile.lock\" \"${PODS_ROOT}/Manifest.lock\" > /dev/null\nif [ $? != 0 ] ; then\n    # print error to STDERR\n    echo \"error: The sandbox is not in sync with the Podfile.lock. Run 'pod install' or update your CocoaPods installation.\" >&2\n    exit 1\nfi\n# This output is used by Xcode 'outputs' to avoid re-running this script phase.\necho \"SUCCESS\" > \"${SCRIPT_OUTPUT_FILE_0}\"\n";
			showEnvVarsInLog = 0;
		};
/* End PBXShellScriptBuildPhase section */

/* Begin PBXSourcesBuildPhase section */
		60BB4FC3279B1F8A00334034 /* Sources */ = {
			isa = PBXSourcesBuildPhase;
			buildActionMask = 2147483647;
			files = (
				60BB4FE1279C60E400334034 /* TableViewCell.swift in Sources */,
				60BB4FCF279B1F8A00334034 /* ViewController.swift in Sources */,
				60BB4FE527B0444A00334034 /* FavoritesViewController.swift in Sources */,
				60BB4FDF279B201300334034 /* APICrypto.swift in Sources */,
				60BB4FE3279C74D200334034 /* Models.swift in Sources */,
				60BB4FCB279B1F8A00334034 /* AppDelegate.swift in Sources */,
				60BB4FCD279B1F8A00334034 /* SceneDelegate.swift in Sources */,
			);
			runOnlyForDeploymentPostprocessing = 0;
		};
/* End PBXSourcesBuildPhase section */

/* Begin PBXVariantGroup section */
		60BB4FD0279B1F8A00334034 /* Main.storyboard */ = {
			isa = PBXVariantGroup;
			children = (
				60BB4FD1279B1F8A00334034 /* Base */,
			);
			name = Main.storyboard;
			sourceTree = "<group>";
		};
		60BB4FD5279B1F8B00334034 /* LaunchScreen.storyboard */ = {
			isa = PBXVariantGroup;
			children = (
				60BB4FD6279B1F8B00334034 /* Base */,
			);
			name = LaunchScreen.storyboard;
			sourceTree = "<group>";
		};
/* End PBXVariantGroup section */

/* Begin XCBuildConfiguration section */
		60BB4FD9279B1F8B00334034 /* Debug */ = {
			isa = XCBuildConfiguration;
			buildSettings = {
				ALWAYS_SEARCH_USER_PATHS = NO;
				CLANG_ANALYZER_NONNULL = YES;
				CLANG_ANALYZER_NUMBER_OBJECT_CONVERSION = YES_AGGRESSIVE;
				CLANG_CXX_LANGUAGE_STANDARD = "gnu++17";
				CLANG_CXX_LIBRARY = "libc++";
				CLANG_ENABLE_MODULES = YES;
				CLANG_ENABLE_OBJC_ARC = YES;
				CLANG_ENABLE_OBJC_WEAK = YES;
				CLANG_WARN_BLOCK_CAPTURE_AUTORELEASING = YES;
				CLANG_WARN_BOOL_CONVERSION = YES;
				CLANG_WARN_COMMA = YES;
				CLANG_WARN_CONSTANT_CONVERSION = YES;
				CLANG_WARN_DEPRECATED_OBJC_IMPLEMENTATIONS = YES;
				CLANG_WARN_DIRECT_OBJC_ISA_USAGE = YES_ERROR;
				CLANG_WARN_DOCUMENTATION_COMMENTS = YES;
				CLANG_WARN_EMPTY_BODY = YES;
				CLANG_WARN_ENUM_CONVERSION = YES;
				CLANG_WARN_INFINITE_RECURSION = YES;
				CLANG_WARN_INT_CONVERSION = YES;
				CLANG_WARN_NON_LITERAL_NULL_CONVERSION = YES;
				CLANG_WARN_OBJC_IMPLICIT_RETAIN_SELF = YES;
				CLANG_WARN_OBJC_LITERAL_CONVERSION = YES;
				CLANG_WARN_OBJC_ROOT_CLASS = YES_ERROR;
				CLANG_WARN_QUOTED_INCLUDE_IN_FRAMEWORK_HEADER = YES;
				CLANG_WARN_RANGE_LOOP_ANALYSIS = YES;
				CLANG_WARN_STRICT_PROTOTYPES = YES;
				CLANG_WARN_SUSPICIOUS_MOVE = YES;
				CLANG_WARN_UNGUARDED_AVAILABILITY = YES_AGGRESSIVE;
				CLANG_WARN_UNREACHABLE_CODE = YES;
				CLANG_WARN__DUPLICATE_METHOD_MATCH = YES;
				COPY_PHASE_STRIP = NO;
				DEBUG_INFORMATION_FORMAT = dwarf;
				ENABLE_STRICT_OBJC_MSGSEND = YES;
				ENABLE_TESTABILITY = YES;
				GCC_C_LANGUAGE_STANDARD = gnu11;
				GCC_DYNAMIC_NO_PIC = NO;
				GCC_NO_COMMON_BLOCKS = YES;
				GCC_OPTIMIZATION_LEVEL = 0;
				GCC_PREPROCESSOR_DEFINITIONS = (
					"DEBUG=1",
					"$(inherited)",
				);
				GCC_WARN_64_TO_32_BIT_CONVERSION = YES;
				GCC_WARN_ABOUT_RETURN_TYPE = YES_ERROR;
				GCC_WARN_UNDECLARED_SELECTOR = YES;
				GCC_WARN_UNINITIALIZED_AUTOS = YES_AGGRESSIVE;
				GCC_WARN_UNUSED_FUNCTION = YES;
				GCC_WARN_UNUSED_VARIABLE = YES;
				IPHONEOS_DEPLOYMENT_TARGET = 15.0;
				MTL_ENABLE_DEBUG_INFO = INCLUDE_SOURCE;
				MTL_FAST_MATH = YES;
				ONLY_ACTIVE_ARCH = YES;
				SDKROOT = iphoneos;
				SWIFT_ACTIVE_COMPILATION_CONDITIONS = DEBUG;
				SWIFT_OPTIMIZATION_LEVEL = "-Onone";
			};
			name = Debug;
		};
		60BB4FDA279B1F8B00334034 /* Release */ = {
			isa = XCBuildConfiguration;
			buildSettings = {
				ALWAYS_SEARCH_USER_PATHS = NO;
				CLANG_ANALYZER_NONNULL = YES;
				CLANG_ANALYZER_NUMBER_OBJECT_CONVERSION = YES_AGGRESSIVE;
				CLANG_CXX_LANGUAGE_STANDARD = "gnu++17";
				CLANG_CXX_LIBRARY = "libc++";
				CLANG_ENABLE_MODULES = YES;
				CLANG_ENABLE_OBJC_ARC = YES;
				CLANG_ENABLE_OBJC_WEAK = YES;
				CLANG_WARN_BLOCK_CAPTURE_AUTORELEASING = YES;
				CLANG_WARN_BOOL_CONVERSION = YES;
				CLANG_WARN_COMMA = YES;
				CLANG_WARN_CONSTANT_CONVERSION = YES;
				CLANG_WARN_DEPRECATED_OBJC_IMPLEMENTATIONS = YES;
				CLANG_WARN_DIRECT_OBJC_ISA_USAGE = YES_ERROR;
				CLANG_WARN_DOCUMENTATION_COMMENTS = YES;
				CLANG_WARN_EMPTY_BODY = YES;
				CLANG_WARN_ENUM_CONVERSION = YES;
				CLANG_WARN_INFINITE_RECURSION = YES;
				CLANG_WARN_INT_CONVERSION = YES;
				CLANG_WARN_NON_LITERAL_NULL_CONVERSION = YES;
				CLANG_WARN_OBJC_IMPLICIT_RETAIN_SELF = YES;
				CLANG_WARN_OBJC_LITERAL_CONVERSION = YES;
				CLANG_WARN_OBJC_ROOT_CLASS = YES_ERROR;
				CLANG_WARN_QUOTED_INCLUDE_IN_FRAMEWORK_HEADER = YES;
				CLANG_WARN_RANGE_LOOP_ANALYSIS = YES;
				CLANG_WARN_STRICT_PROTOTYPES = YES;
				CLANG_WARN_SUSPICIOUS_MOVE = YES;
				CLANG_WARN_UNGUARDED_AVAILABILITY = YES_AGGRESSIVE;
				CLANG_WARN_UNREACHABLE_CODE = YES;
				CLANG_WARN__DUPLICATE_METHOD_MATCH = YES;
				COPY_PHASE_STRIP = NO;
				DEBUG_INFORMATION_FORMAT = "dwarf-with-dsym";
				ENABLE_NS_ASSERTIONS = NO;
				ENABLE_STRICT_OBJC_MSGSEND = YES;
				GCC_C_LANGUAGE_STANDARD = gnu11;
				GCC_NO_COMMON_BLOCKS = YES;
				GCC_WARN_64_TO_32_BIT_CONVERSION = YES;
				GCC_WARN_ABOUT_RETURN_TYPE = YES_ERROR;
				GCC_WARN_UNDECLARED_SELECTOR = YES;
				GCC_WARN_UNINITIALIZED_AUTOS = YES_AGGRESSIVE;
				GCC_WARN_UNUSED_FUNCTION = YES;
				GCC_WARN_UNUSED_VARIABLE = YES;
				IPHONEOS_DEPLOYMENT_TARGET = 15.0;
				MTL_ENABLE_DEBUG_INFO = NO;
				MTL_FAST_MATH = YES;
				SDKROOT = iphoneos;
				SWIFT_COMPILATION_MODE = wholemodule;
				SWIFT_OPTIMIZATION_LEVEL = "-O";
				VALIDATE_PRODUCT = YES;
			};
			name = Release;
		};
		60BB4FDC279B1F8B00334034 /* Debug */ = {
			isa = XCBuildConfiguration;
			baseConfigurationReference = A7A280A1CCF5253105967C7D /* Pods-CurrencyApp.debug.xcconfig */;
			buildSettings = {
				ASSETCATALOG_COMPILER_APPICON_NAME = AppIcon;
				ASSETCATALOG_COMPILER_GLOBAL_ACCENT_COLOR_NAME = AccentColor;
				CODE_SIGN_STYLE = Automatic;
				CURRENT_PROJECT_VERSION = 1;
				DEVELOPMENT_TEAM = 2XP9JWLHYD;
				GENERATE_INFOPLIST_FILE = YES;
				INFOPLIST_FILE = CurrencyApp/Info.plist;
				INFOPLIST_KEY_UIApplicationSupportsIndirectInputEvents = YES;
				INFOPLIST_KEY_UILaunchStoryboardName = LaunchScreen;
				INFOPLIST_KEY_UIMainStoryboardFile = Main;
				INFOPLIST_KEY_UISupportedInterfaceOrientations_iPad = "UIInterfaceOrientationPortrait UIInterfaceOrientationPortraitUpsideDown UIInterfaceOrientationLandscapeLeft UIInterfaceOrientationLandscapeRight";
				INFOPLIST_KEY_UISupportedInterfaceOrientations_iPhone = "UIInterfaceOrientationPortrait UIInterfaceOrientationLandscapeLeft UIInterfaceOrientationLandscapeRight";
				LD_RUNPATH_SEARCH_PATHS = (
					"$(inherited)",
					"@executable_path/Frameworks",
				);
				MARKETING_VERSION = 1.0;
				PRODUCT_BUNDLE_IDENTIFIER = com.papuashvilizuka.CurrencyApp;
				PRODUCT_NAME = "$(TARGET_NAME)";
				SWIFT_EMIT_LOC_STRINGS = YES;
				SWIFT_VERSION = 5.0;
				TARGETED_DEVICE_FAMILY = "1,2";
			};
			name = Debug;
		};
		60BB4FDD279B1F8B00334034 /* Release */ = {
			isa = XCBuildConfiguration;
			baseConfigurationReference = 1AAB5F7C5A16016A1A28AB68 /* Pods-CurrencyApp.release.xcconfig */;
			buildSettings = {
				ASSETCATALOG_COMPILER_APPICON_NAME = AppIcon;
				ASSETCATALOG_COMPILER_GLOBAL_ACCENT_COLOR_NAME = AccentColor;
				CODE_SIGN_STYLE = Automatic;
				CURRENT_PROJECT_VERSION = 1;
				DEVELOPMENT_TEAM = 2XP9JWLHYD;
				GENERATE_INFOPLIST_FILE = YES;
				INFOPLIST_FILE = CurrencyApp/Info.plist;
				INFOPLIST_KEY_UIApplicationSupportsIndirectInputEvents = YES;
				INFOPLIST_KEY_UILaunchStoryboardName = LaunchScreen;
				INFOPLIST_KEY_UIMainStoryboardFile = Main;
				INFOPLIST_KEY_UISupportedInterfaceOrientations_iPad = "UIInterfaceOrientationPortrait UIInterfaceOrientationPortraitUpsideDown UIInterfaceOrientationLandscapeLeft UIInterfaceOrientationLandscapeRight";
				INFOPLIST_KEY_UISupportedInterfaceOrientations_iPhone = "UIInterfaceOrientationPortrait UIInterfaceOrientationLandscapeLeft UIInterfaceOrientationLandscapeRight";
				LD_RUNPATH_SEARCH_PATHS = (
					"$(inherited)",
					"@executable_path/Frameworks",
				);
				MARKETING_VERSION = 1.0;
				PRODUCT_BUNDLE_IDENTIFIER = com.papuashvilizuka.CurrencyApp;
				PRODUCT_NAME = "$(TARGET_NAME)";
				SWIFT_EMIT_LOC_STRINGS = YES;
				SWIFT_VERSION = 5.0;
				TARGETED_DEVICE_FAMILY = "1,2";
			};
			name = Release;
		};
/* End XCBuildConfiguration section */

/* Begin XCConfigurationList section */
		60BB4FC2279B1F8A00334034 /* Build configuration list for PBXProject "CurrencyApp" */ = {
			isa = XCConfigurationList;
			buildConfigurations = (
				60BB4FD9279B1F8B00334034 /* Debug */,
				60BB4FDA279B1F8B00334034 /* Release */,
			);
			defaultConfigurationIsVisible = 0;
			defaultConfigurationName = Release;
		};
		60BB4FDB279B1F8B00334034 /* Build configuration list for PBXNativeTarget "CurrencyApp" */ = {
			isa = XCConfigurationList;
			buildConfigurations = (
				60BB4FDC279B1F8B00334034 /* Debug */,
				60BB4FDD279B1F8B00334034 /* Release */,
			);
			defaultConfigurationIsVisible = 0;
			defaultConfigurationName = Release;
		};
/* End XCConfigurationList section */
	};
	rootObject = 60BB4FBF279B1F8A00334034 /* Project object */;
}
